
Microsoft Visual Studio Solution File, Format Version 12.00
# Visual Studio Version 16
VisualStudioVersion = 16.0.31005.135
MinimumVisualStudioVersion = 10.0.40219.1
Project("{FAE04EC0-301F-11D3-BF4B-00C04F79EFBC}") = "TesteGitFinal", "TesteGitFinal\TesteGitFinal.csproj", "{7BA18B7D-B07B-42F2-9895-249331734062}"
EndProject
Global
	GlobalSection(SolutionConfigurationPlatforms) = preSolution
		Debug|Any CPU = Debug|Any CPU
		Release|Any CPU = Release|Any CPU
	EndGlobalSection
	GlobalSection(ProjectConfigurationPlatforms) = postSolution
		{7BA18B7D-B07B-42F2-9895-249331734062}.Debug|Any CPU.ActiveCfg = Debug|Any CPU
		{7BA18B7D-B07B-42F2-9895-249331734062}.Debug|Any CPU.Build.0 = Debug|Any CPU
		{7BA18B7D-B07B-42F2-9895-249331734062}.Release|Any CPU.ActiveCfg = Release|Any CPU
		{7BA18B7D-B07B-42F2-9895-249331734062}.Release|Any CPU.Build.0 = Release|Any CPU
	EndGlobalSection
	GlobalSection(SolutionProperties) = preSolution
		HideSolutionNode = FALSE
	EndGlobalSection
	GlobalSection(ExtensibilityGlobals) = postSolution
		SolutionGuid = {D1AE10E2-FEAD-4ACB-B428-DB618D8AC465}
	EndGlobalSection
EndGlobal
